
Microsoft Visual Studio Solution File, Format Version 12.00
# Visual Studio Version 16
VisualStudioVersion = 16.0.32630.194
MinimumVisualStudioVersion = 10.0.40219.1
Project("{9A19103F-16F7-4668-BE54-9A1E7A4F7556}") = "Udemy.AdvertisementApp.Common", "Udemy.Advertisement.App.Common\Udemy.AdvertisementApp.Common.csproj", "{6BA100F0-CB6B-46AF-9BEC-92E69479EE53}"
EndProject
Project("{9A19103F-16F7-4668-BE54-9A1E7A4F7556}") = "Udemy.AdvertisementApp.DataAccess", "Udemy.AdvertisementApp.DataAccess\Udemy.AdvertisementApp.DataAccess.csproj", "{91C668A5-1864-40BD-8C5E-FD27007B05F3}"
EndProject
Project("{9A19103F-16F7-4668-BE54-9A1E7A4F7556}") = "Udemy.AdvertisementApp.Business", "Udemy.AdvertisementApp.Business\Udemy.AdvertisementApp.Business.csproj", "{68895BB3-6279-48BA-9DDC-A108CDEB22A6}"
EndProject
Project("{9A19103F-16F7-4668-BE54-9A1E7A4F7556}") = "Udemy.AdvertisementApp.UI", "Udemy.Advertisement.App.UI\Udemy.AdvertisementApp.UI.csproj", "{C2165CAC-A1D8-4B77-B554-1E6B2B171E55}"
EndProject
Project("{9A19103F-16F7-4668-BE54-9A1E7A4F7556}") = "Udemy.AdvertisementApp.Entities", "Udemy.AdvertisementApp.Entities\Udemy.AdvertisementApp.Entities.csproj", "{F3E4CF52-F0E1-444E-9377-2809B2563EDC}"
EndProject
Project("{FAE04EC0-301F-11D3-BF4B-00C04F79EFBC}") = "Udemy.AdvertisementApp.Dtos", "Udemy.AdvertisementApp.Dtos\Udemy.AdvertisementApp.Dtos.csproj", "{3E94C801-4B81-44C8-8EA3-269C7EDC4464}"
EndProject
Global
	GlobalSection(SolutionConfigurationPlatforms) = preSolution
		Debug|Any CPU = Debug|Any CPU
		Release|Any CPU = Release|Any CPU
	EndGlobalSection
	GlobalSection(ProjectConfigurationPlatforms) = postSolution
		{6BA100F0-CB6B-46AF-9BEC-92E69479EE53}.Debug|Any CPU.ActiveCfg = Debug|Any CPU
		{6BA100F0-CB6B-46AF-9BEC-92E69479EE53}.Debug|Any CPU.Build.0 = Debug|Any CPU
		{6BA100F0-CB6B-46AF-9BEC-92E69479EE53}.Release|Any CPU.ActiveCfg = Release|Any CPU
		{6BA100F0-CB6B-46AF-9BEC-92E69479EE53}.Release|Any CPU.Build.0 = Release|Any CPU
		{91C668A5-1864-40BD-8C5E-FD27007B05F3}.Debug|Any CPU.ActiveCfg = Debug|Any CPU
		{91C668A5-1864-40BD-8C5E-FD27007B05F3}.Debug|Any CPU.Build.0 = Debug|Any CPU
		{91C668A5-1864-40BD-8C5E-FD27007B05F3}.Release|Any CPU.ActiveCfg = Release|Any CPU
		{91C668A5-1864-40BD-8C5E-FD27007B05F3}.Release|Any CPU.Build.0 = Release|Any CPU
		{68895BB3-6279-48BA-9DDC-A108CDEB22A6}.Debug|Any CPU.ActiveCfg = Debug|Any CPU
		{68895BB3-6279-48BA-9DDC-A108CDEB22A6}.Debug|Any CPU.Build.0 = Debug|Any CPU
		{68895BB3-6279-48BA-9DDC-A108CDEB22A6}.Release|Any CPU.ActiveCfg = Release|Any CPU
		{68895BB3-6279-48BA-9DDC-A108CDEB22A6}.Release|Any CPU.Build.0 = Release|Any CPU
		{C2165CAC-A1D8-4B77-B554-1E6B2B171E55}.Debug|Any CPU.ActiveCfg = Debug|Any CPU
		{C2165CAC-A1D8-4B77-B554-1E6B2B171E55}.Debug|Any CPU.Build.0 = Debug|Any CPU
		{C2165CAC-A1D8-4B77-B554-1E6B2B171E55}.Release|Any CPU.ActiveCfg = Release|Any CPU
		{C2165CAC-A1D8-4B77-B554-1E6B2B171E55}.Release|Any CPU.Build.0 = Release|Any CPU
		{F3E4CF52-F0E1-444E-9377-2809B2563EDC}.Debug|Any CPU.ActiveCfg = Debug|Any CPU
		{F3E4CF52-F0E1-444E-9377-2809B2563EDC}.Debug|Any CPU.Build.0 = Debug|Any CPU
		{F3E4CF52-F0E1-444E-9377-2809B2563EDC}.Release|Any CPU.ActiveCfg = Release|Any CPU
		{F3E4CF52-F0E1-444E-9377-2809B2563EDC}.Release|Any CPU.Build.0 = Release|Any CPU
		{3E94C801-4B81-44C8-8EA3-269C7EDC4464}.Debug|Any CPU.ActiveCfg = Debug|Any CPU
		{3E94C801-4B81-44C8-8EA3-269C7EDC4464}.Debug|Any CPU.Build.0 = Debug|Any CPU
		{3E94C801-4B81-44C8-8EA3-269C7EDC4464}.Release|Any CPU.ActiveCfg = Release|Any CPU
		{3E94C801-4B81-44C8-8EA3-269C7EDC4464}.Release|Any CPU.Build.0 = Release|Any CPU
	EndGlobalSection
	GlobalSection(SolutionProperties) = preSolution
		HideSolutionNode = FALSE
	EndGlobalSection
	GlobalSection(ExtensibilityGlobals) = postSolution
		SolutionGuid = {84EE46F5-E10E-4A73-A31D-4390CB870DA9}
	EndGlobalSection
EndGlobal
